// !$*UTF8*$!
{
	archiveVersion = 1;
	classes = {
	};
	objectVersion = 46;
	objects = {

/* Begin PBXBuildFile section */
		580594C21BFC656500A7A6B9 /* main.m in Sources */ = {isa = PBXBuildFile; fileRef = 580594C11BFC656500A7A6B9 /* main.m */; };
		580594C51BFC656500A7A6B9 /* AppDelegate.m in Sources */ = {isa = PBXBuildFile; fileRef = 580594C41BFC656500A7A6B9 /* AppDelegate.m */; };
		580594C81BFC656500A7A6B9 /* ViewController.m in Sources */ = {isa = PBXBuildFile; fileRef = 580594C71BFC656500A7A6B9 /* ViewController.m */; };
		580594CB1BFC656500A7A6B9 /* Main.storyboard in Resources */ = {isa = PBXBuildFile; fileRef = 580594C91BFC656500A7A6B9 /* Main.storyboard */; };
		580594CD1BFC656500A7A6B9 /* Assets.xcassets in Resources */ = {isa = PBXBuildFile; fileRef = 580594CC1BFC656500A7A6B9 /* Assets.xcassets */; };
		580594D01BFC656500A7A6B9 /* LaunchScreen.storyboard in Resources */ = {isa = PBXBuildFile; fileRef = 580594CE1BFC656500A7A6B9 /* LaunchScreen.storyboard */; };
		580594DB1BFC656500A7A6B9 /* NBAlertViewTests.m in Sources */ = {isa = PBXBuildFile; fileRef = 580594DA1BFC656500A7A6B9 /* NBAlertViewTests.m */; };
		580594E61BFC656500A7A6B9 /* NBAlertViewUITests.m in Sources */ = {isa = PBXBuildFile; fileRef = 580594E51BFC656500A7A6B9 /* NBAlertViewUITests.m */; };
/* End PBXBuildFile section */

/* Begin PBXContainerItemProxy section */
		580594D71BFC656500A7A6B9 /* PBXContainerItemProxy */ = {
			isa = PBXContainerItemProxy;
			containerPortal = 580594B51BFC656400A7A6B9 /* Project object */;
			proxyType = 1;
			remoteGlobalIDString = 580594BC1BFC656400A7A6B9;
			remoteInfo = NBAlertView;
		};
		580594E21BFC656500A7A6B9 /* PBXContainerItemProxy */ = {
			isa = PBXContainerItemProxy;
			containerPortal = 580594B51BFC656400A7A6B9 /* Project object */;
			proxyType = 1;
			remoteGlobalIDString = 580594BC1BFC656400A7A6B9;
			remoteInfo = NBAlertView;
		};
/* End PBXContainerItemProxy section */

/* Begin PBXFileReference section */
		580594BD1BFC656400A7A6B9 /* NBAlertView.app */ = {isa = PBXFileReference; explicitFileType = wrapper.application; includeInIndex = 0; path = NBAlertView.app; sourceTree = BUILT_PRODUCTS_DIR; };
		580594C11BFC656500A7A6B9 /* main.m */ = {isa = PBXFileReference; lastKnownFileType = sourcecode.c.objc; path = main.m; sourceTree = "<group>"; };
		580594C31BFC656500A7A6B9 /* AppDelegate.h */ = {isa = PBXFileReference; lastKnownFileType = sourcecode.c.h; path = AppDelegate.h; sourceTree = "<group>"; };
		580594C41BFC656500A7A6B9 /* AppDelegate.m */ = {isa = PBXFileReference; lastKnownFileType = sourcecode.c.objc; path = AppDelegate.m; sourceTree = "<group>"; };
		580594C61BFC656500A7A6B9 /* ViewController.h */ = {isa = PBXFileReference; lastKnownFileType = sourcecode.c.h; path = ViewController.h; sourceTree = "<group>"; };
		580594C71BFC656500A7A6B9 /* ViewController.m */ = {isa = PBXFileReference; lastKnownFileType = sourcecode.c.objc; path = ViewController.m; sourceTree = "<group>"; };
		580594CA1BFC656500A7A6B9 /* Base */ = {isa = PBXFileReference; lastKnownFileType = file.storyboard; name = Base; path = Base.lproj/Main.storyboard; sourceTree = "<group>"; };
		580594CC1BFC656500A7A6B9 /* Assets.xcassets */ = {isa = PBXFileReference; lastKnownFileType = folder.assetcatalog; path = Assets.xcassets; sourceTree = "<group>"; };
		580594CF1BFC656500A7A6B9 /* Base */ = {isa = PBXFileReference; lastKnownFileType = file.storyboard; name = Base; path = Base.lproj/LaunchScreen.storyboard; sourceTree = "<group>"; };
		580594D11BFC656500A7A6B9 /* Info.plist */ = {isa = PBXFileReference; lastKnownFileType = text.plist.xml; path = Info.plist; sourceTree = "<group>"; };
		580594D61BFC656500A7A6B9 /* NBAlertViewTests.xctest */ = {isa = PBXFileReference; explicitFileType = wrapper.cfbundle; includeInIndex = 0; path = NBAlertViewTests.xctest; sourceTree = BUILT_PRODUCTS_DIR; };
		580594DA1BFC656500A7A6B9 /* NBAlertViewTests.m */ = {isa = PBXFileReference; lastKnownFileType = sourcecode.c.objc; path = NBAlertViewTests.m; sourceTree = "<group>"; };
		580594DC1BFC656500A7A6B9 /* Info.plist */ = {isa = PBXFileReference; lastKnownFileType = text.plist.xml; path = Info.plist; sourceTree = "<group>"; };
		580594E11BFC656500A7A6B9 /* NBAlertViewUITests.xctest */ = {isa = PBXFileReference; explicitFileType = wrapper.cfbundle; includeInIndex = 0; path = NBAlertViewUITests.xctest; sourceTree = BUILT_PRODUCTS_DIR; };
		580594E51BFC656500A7A6B9 /* NBAlertViewUITests.m */ = {isa = PBXFileReference; lastKnownFileType = sourcecode.c.objc; path = NBAlertViewUITests.m; sourceTree = "<group>"; };
		580594E71BFC656500A7A6B9 /* Info.plist */ = {isa = PBXFileReference; lastKnownFileType = text.plist.xml; path = Info.plist; sourceTree = "<group>"; };
/* End PBXFileReference section */

/* Begin PBXFrameworksBuildPhase section */
		580594BA1BFC656400A7A6B9 /* Frameworks */ = {
			isa = PBXFrameworksBuildPhase;
			buildActionMask = 2147483647;
			files = (
			);
			runOnlyForDeploymentPostprocessing = 0;
		};
		580594D31BFC656500A7A6B9 /* Frameworks */ = {
			isa = PBXFrameworksBuildPhase;
			buildActionMask = 2147483647;
			files = (
			);
			runOnlyForDeploymentPostprocessing = 0;
		};
		580594DE1BFC656500A7A6B9 /* Frameworks */ = {
			isa = PBXFrameworksBuildPhase;
			buildActionMask = 2147483647;
			files = (
			);
			runOnlyForDeploymentPostprocessing = 0;
		};
/* End PBXFrameworksBuildPhase section */

/* Begin PBXGroup section */
		580594B41BFC656400A7A6B9 = {
			isa = PBXGroup;
			children = (
				580594BF1BFC656500A7A6B9 /* NBAlertView */,
				580594D91BFC656500A7A6B9 /* NBAlertViewTests */,
				580594E41BFC656500A7A6B9 /* NBAlertViewUITests */,
				580594BE1BFC656400A7A6B9 /* Products */,
			);
			sourceTree = "<group>";
		};
		580594BE1BFC656400A7A6B9 /* Products */ = {
			isa = PBXGroup;
			children = (
				580594BD1BFC656400A7A6B9 /* NBAlertView.app */,
				580594D61BFC656500A7A6B9 /* NBAlertViewTests.xctest */,
				580594E11BFC656500A7A6B9 /* NBAlertViewUITests.xctest */,
			);
			name = Products;
			sourceTree = "<group>";
		};
		580594BF1BFC656500A7A6B9 /* NBAlertView */ = {
			isa = PBXGroup;
			children = (
				580594C31BFC656500A7A6B9 /* AppDelegate.h */,
				580594C41BFC656500A7A6B9 /* AppDelegate.m */,
				580594C61BFC656500A7A6B9 /* ViewController.h */,
				580594C71BFC656500A7A6B9 /* ViewController.m */,
				580594C91BFC656500A7A6B9 /* Main.storyboard */,
				580594CC1BFC656500A7A6B9 /* Assets.xcassets */,
				580594CE1BFC656500A7A6B9 /* LaunchScreen.storyboard */,
				580594D11BFC656500A7A6B9 /* Info.plist */,
				580594C01BFC656500A7A6B9 /* Supporting Files */,
			);
			path = NBAlertView;
			sourceTree = "<group>";
		};
		580594C01BFC656500A7A6B9 /* Supporting Files */ = {
			isa = PBXGroup;
			children = (
				580594C11BFC656500A7A6B9 /* main.m */,
			);
			name = "Supporting Files";
			sourceTree = "<group>";
		};
		580594D91BFC656500A7A6B9 /* NBAlertViewTests */ = {
			isa = PBXGroup;
			children = (
				580594DA1BFC656500A7A6B9 /* NBAlertViewTests.m */,
				580594DC1BFC656500A7A6B9 /* Info.plist */,
			);
			path = NBAlertViewTests;
			sourceTree = "<group>";
		};
		580594E41BFC656500A7A6B9 /* NBAlertViewUITests */ = {
			isa = PBXGroup;
			children = (
				580594E51BFC656500A7A6B9 /* NBAlertViewUITests.m */,
				580594E71BFC656500A7A6B9 /* Info.plist */,
			);
			path = NBAlertViewUITests;
			sourceTree = "<group>";
		};
/* End PBXGroup section */

/* Begin PBXNativeTarget section */
		580594BC1BFC656400A7A6B9 /* NBAlertView */ = {
			isa = PBXNativeTarget;
			buildConfigurationList = 580594EA1BFC656500A7A6B9 /* Build configuration list for PBXNativeTarget "NBAlertView" */;
			buildPhases = (
				580594B91BFC656400A7A6B9 /* Sources */,
				580594BA1BFC656400A7A6B9 /* Frameworks */,
				580594BB1BFC656400A7A6B9 /* Resources */,
			);
			buildRules = (
			);
			dependencies = (
			);
			name = NBAlertView;
			productName = NBAlertView;
			productReference = 580594BD1BFC656400A7A6B9 /* NBAlertView.app */;
			productType = "com.apple.product-type.application";
		};
		580594D51BFC656500A7A6B9 /* NBAlertViewTests */ = {
			isa = PBXNativeTarget;
			buildConfigurationList = 580594ED1BFC656500A7A6B9 /* Build configuration list for PBXNativeTarget "NBAlertViewTests" */;
			buildPhases = (
				580594D21BFC656500A7A6B9 /* Sources */,
				580594D31BFC656500A7A6B9 /* Frameworks */,
				580594D41BFC656500A7A6B9 /* Resources */,
			);
			buildRules = (
			);
			dependencies = (
				580594D81BFC656500A7A6B9 /* PBXTargetDependency */,
			);
			name = NBAlertViewTests;
			productName = NBAlertViewTests;
			productReference = 580594D61BFC656500A7A6B9 /* NBAlertViewTests.xctest */;
			productType = "com.apple.product-type.bundle.unit-test";
		};
		580594E01BFC656500A7A6B9 /* NBAlertViewUITests */ = {
			isa = PBXNativeTarget;
			buildConfigurationList = 580594F01BFC656500A7A6B9 /* Build configuration list for PBXNativeTarget "NBAlertViewUITests" */;
			buildPhases = (
				580594DD1BFC656500A7A6B9 /* Sources */,
				580594DE1BFC656500A7A6B9 /* Frameworks */,
				580594DF1BFC656500A7A6B9 /* Resources */,
			);
			buildRules = (
			);
			dependencies = (
				580594E31BFC656500A7A6B9 /* PBXTargetDependency */,
			);
			name = NBAlertViewUITests;
			productName = NBAlertViewUITests;
			productReference = 580594E11BFC656500A7A6B9 /* NBAlertViewUITests.xctest */;
			productType = "com.apple.product-type.bundle.ui-testing";
		};
/* End PBXNativeTarget section */

/* Begin PBXProject section */
		580594B51BFC656400A7A6B9 /* Project object */ = {
			isa = PBXProject;
			attributes = {
				LastUpgradeCheck = 0710;
				ORGANIZATIONNAME = hutingting;
				TargetAttributes = {
					580594BC1BFC656400A7A6B9 = {
						CreatedOnToolsVersion = 7.1.1;
					};
					580594D51BFC656500A7A6B9 = {
						CreatedOnToolsVersion = 7.1.1;
						TestTargetID = 580594BC1BFC656400A7A6B9;
					};
					580594E01BFC656500A7A6B9 = {
						CreatedOnToolsVersion = 7.1.1;
						TestTargetID = 580594BC1BFC656400A7A6B9;
					};
				};
			};
			buildConfigurationList = 580594B81BFC656400A7A6B9 /* Build configuration list for PBXProject "NBAlertView" */;
			compatibilityVersion = "Xcode 3.2";
			developmentRegion = English;
			hasScannedForEncodings = 0;
			knownRegions = (
				en,
				Base,
			);
			mainGroup = 580594B41BFC656400A7A6B9;
			productRefGroup = 580594BE1BFC656400A7A6B9 /* Products */;
			projectDirPath = "";
			projectRoot = "";
			targets = (
				580594BC1BFC656400A7A6B9 /* NBAlertView */,
				580594D51BFC656500A7A6B9 /* NBAlertViewTests */,
				580594E01BFC656500A7A6B9 /* NBAlertViewUITests */,
			);
		};
/* End PBXProject section */

/* Begin PBXResourcesBuildPhase section */
		580594BB1BFC656400A7A6B9 /* Resources */ = {
			isa = PBXResourcesBuildPhase;
			buildActionMask = 2147483647;
			files = (
				580594D01BFC656500A7A6B9 /* LaunchScreen.storyboard in Resources */,
				580594CD1BFC656500A7A6B9 /* Assets.xcassets in Resources */,
				580594CB1BFC656500A7A6B9 /* Main.storyboard in Resources */,
			);
			runOnlyForDeploymentPostprocessing = 0;
		};
		580594D41BFC656500A7A6B9 /* Resources */ = {
			isa = PBXResourcesBuildPhase;
			buildActionMask = 2147483647;
			files = (
			);
			runOnlyForDeploymentPostprocessing = 0;
		};
		580594DF1BFC656500A7A6B9 /* Resources */ = {
			isa = PBXResourcesBuildPhase;
			buildActionMask = 2147483647;
			files = (
			);
			runOnlyForDeploymentPostprocessing = 0;
		};
/* End PBXResourcesBuildPhase section */

/* Begin PBXSourcesBuildPhase section */
		580594B91BFC656400A7A6B9 /* Sources */ = {
			isa = PBXSourcesBuildPhase;
			buildActionMask = 2147483647;
			files = (
				580594C81BFC656500A7A6B9 /* ViewController.m in Sources */,
				580594C51BFC656500A7A6B9 /* AppDelegate.m in Sources */,
				580594C21BFC656500A7A6B9 /* main.m in Sources */,
			);
			runOnlyForDeploymentPostprocessing = 0;
		};
		580594D21BFC656500A7A6B9 /* Sources */ = {
			isa = PBXSourcesBuildPhase;
			buildActionMask = 2147483647;
			files = (
				580594DB1BFC656500A7A6B9 /* NBAlertViewTests.m in Sources */,
			);
			runOnlyForDeploymentPostprocessing = 0;
		};
		580594DD1BFC656500A7A6B9 /* Sources */ = {
			isa = PBXSourcesBuildPhase;
			buildActionMask = 2147483647;
			files = (
				580594E61BFC656500A7A6B9 /* NBAlertViewUITests.m in Sources */,
			);
			runOnlyForDeploymentPostprocessing = 0;
		};
/* End PBXSourcesBuildPhase section */

/* Begin PBXTargetDependency section */
		580594D81BFC656500A7A6B9 /* PBXTargetDependency */ = {
			isa = PBXTargetDependency;
			target = 580594BC1BFC656400A7A6B9 /* NBAlertView */;
			targetProxy = 580594D71BFC656500A7A6B9 /* PBXContainerItemProxy */;
		};
		580594E31BFC656500A7A6B9 /* PBXTargetDependency */ = {
			isa = PBXTargetDependency;
			target = 580594BC1BFC656400A7A6B9 /* NBAlertView */;
			targetProxy = 580594E21BFC656500A7A6B9 /* PBXContainerItemProxy */;
		};
/* End PBXTargetDependency section */

/* Begin PBXVariantGroup section */
		580594C91BFC656500A7A6B9 /* Main.storyboard */ = {
			isa = PBXVariantGroup;
			children = (
				580594CA1BFC656500A7A6B9 /* Base */,
			);
			name = Main.storyboard;
			sourceTree = "<group>";
		};
		580594CE1BFC656500A7A6B9 /* LaunchScreen.storyboard */ = {
			isa = PBXVariantGroup;
			children = (
				580594CF1BFC656500A7A6B9 /* Base */,
			);
			name = LaunchScreen.storyboard;
			sourceTree = "<group>";
		};
/* End PBXVariantGroup section */

/* Begin XCBuildConfiguration section */
		580594E81BFC656500A7A6B9 /* Debug */ = {
			isa = XCBuildConfiguration;
			buildSettings = {
				ALWAYS_SEARCH_USER_PATHS = NO;
				CLANG_CXX_LANGUAGE_STANDARD = "gnu++0x";
				CLANG_CXX_LIBRARY = "libc++";
				CLANG_ENABLE_MODULES = YES;
				CLANG_ENABLE_OBJC_ARC = YES;
				CLANG_WARN_BOOL_CONVERSION = YES;
				CLANG_WARN_CONSTANT_CONVERSION = YES;
				CLANG_WARN_DIRECT_OBJC_ISA_USAGE = YES_ERROR;
				CLANG_WARN_EMPTY_BODY = YES;
				CLANG_WARN_ENUM_CONVERSION = YES;
				CLANG_WARN_INT_CONVERSION = YES;
				CLANG_WARN_OBJC_ROOT_CLASS = YES_ERROR;
				CLANG_WARN_UNREACHABLE_CODE = YES;
				CLANG_WARN__DUPLICATE_METHOD_MATCH = YES;
				"CODE_SIGN_IDENTITY[sdk=iphoneos*]" = "iPhone Developer";
				COPY_PHASE_STRIP = NO;
				DEBUG_INFORMATION_FORMAT = dwarf;
				ENABLE_STRICT_OBJC_MSGSEND = YES;
				ENABLE_TESTABILITY = YES;
				GCC_C_LANGUAGE_STANDARD = gnu99;
				GCC_DYNAMIC_NO_PIC = NO;
				GCC_NO_COMMON_BLOCKS = YES;
				GCC_OPTIMIZATION_LEVEL = 0;
				GCC_PREPROCESSOR_DEFINITIONS = (
					"DEBUG=1",
					"$(inherited)",
				);
				GCC_WARN_64_TO_32_BIT_CONVERSION = YES;
				GCC_WARN_ABOUT_RETURN_TYPE = YES_ERROR;
				GCC_WARN_UNDECLARED_SELECTOR = YES;
				GCC_WARN_UNINITIALIZED_AUTOS = YES_AGGRESSIVE;
				GCC_WARN_UNUSED_FUNCTION = YES;
				GCC_WARN_UNUSED_VARIABLE = YES;
				IPHONEOS_DEPLOYMENT_TARGET = 9.1;
				MTL_ENABLE_DEBUG_INFO = YES;
				ONLY_ACTIVE_ARCH = YES;
				SDKROOT = iphoneos;
			};
			name = Debug;
		};
		580594E91BFC656500A7A6B9 /* Release */ = {
			isa = XCBuildConfiguration;
			buildSettings = {
				ALWAYS_SEARCH_USER_PATHS = NO;
				CLANG_CXX_LANGUAGE_STANDARD = "gnu++0x";
				CLANG_CXX_LIBRARY = "libc++";
				CLANG_ENABLE_MODULES = YES;
				CLANG_ENABLE_OBJC_ARC = YES;
				CLANG_WARN_BOOL_CONVERSION = YES;
				CLANG_WARN_CONSTANT_CONVERSION = YES;
				CLANG_WARN_DIRECT_OBJC_ISA_USAGE = YES_ERROR;
				CLANG_WARN_EMPTY_BODY = YES;
				CLANG_WARN_ENUM_CONVERSION = YES;
				CLANG_WARN_INT_CONVERSION = YES;
				CLANG_WARN_OBJC_ROOT_CLASS = YES_ERROR;
				CLANG_WARN_UNREACHABLE_CODE = YES;
				CLANG_WARN__DUPLICATE_METHOD_MATCH = YES;
				"CODE_SIGN_IDENTITY[sdk=iphoneos*]" = "iPhone Developer";
				COPY_PHASE_STRIP = NO;
				DEBUG_INFORMATION_FORMAT = "dwarf-with-dsym";
				ENABLE_NS_ASSERTIONS = NO;
				ENABLE_STRICT_OBJC_MSGSEND = YES;
				GCC_C_LANGUAGE_STANDARD = gnu99;
				GCC_NO_COMMON_BLOCKS = YES;
				GCC_WARN_64_TO_32_BIT_CONVERSION = YES;
				GCC_WARN_ABOUT_RETURN_TYPE = YES_ERROR;
				GCC_WARN_UNDECLARED_SELECTOR = YES;
				GCC_WARN_UNINITIALIZED_AUTOS = YES_AGGRESSIVE;
				GCC_WARN_UNUSED_FUNCTION = YES;
				GCC_WARN_UNUSED_VARIABLE = YES;
				IPHONEOS_DEPLOYMENT_TARGET = 9.1;
				MTL_ENABLE_DEBUG_INFO = NO;
				SDKROOT = iphoneos;
				VALIDATE_PRODUCT = YES;
			};
			name = Release;
		};
		580594EB1BFC656500A7A6B9 /* Debug */ = {
			isa = XCBuildConfiguration;
			buildSettings = {
				ASSETCATALOG_COMPILER_APPICON_NAME = AppIcon;
				INFOPLIST_FILE = NBAlertView/Info.plist;
				LD_RUNPATH_SEARCH_PATHS = "$(inherited) @executable_path/Frameworks";
				PRODUCT_BUNDLE_IDENTIFIER = com.hutingting.NBAlertview.NBAlertView;
				PRODUCT_NAME = "$(TARGET_NAME)";
			};
			name = Debug;
		};
		580594EC1BFC656500A7A6B9 /* Release */ = {
			isa = XCBuildConfiguration;
			buildSettings = {
				ASSETCATALOG_COMPILER_APPICON_NAME = AppIcon;
				INFOPLIST_FILE = NBAlertView/Info.plist;
				LD_RUNPATH_SEARCH_PATHS = "$(inherited) @executable_path/Frameworks";
				PRODUCT_BUNDLE_IDENTIFIER = com.hutingting.NBAlertview.NBAlertView;
				PRODUCT_NAME = "$(TARGET_NAME)";
			};
			name = Release;
		};
		580594EE1BFC656500A7A6B9 /* Debug */ = {
			isa = XCBuildConfiguration;
			buildSettings = {
				BUNDLE_LOADER = "$(TEST_HOST)";
				INFOPLIST_FILE = NBAlertViewTests/Info.plist;
				LD_RUNPATH_SEARCH_PATHS = "$(inherited) @executable_path/Frameworks @loader_path/Frameworks";
				PRODUCT_BUNDLE_IDENTIFIER = com.hutingting.NBAlertview.NBAlertViewTests;
				PRODUCT_NAME = "$(TARGET_NAME)";
				TEST_HOST = "$(BUILT_PRODUCTS_DIR)/NBAlertView.app/NBAlertView";
			};
			name = Debug;
		};
		580594EF1BFC656500A7A6B9 /* Release */ = {
			isa = XCBuildConfiguration;
			buildSettings = {
				BUNDLE_LOADER = "$(TEST_HOST)";
				INFOPLIST_FILE = NBAlertViewTests/Info.plist;
				LD_RUNPATH_SEARCH_PATHS = "$(inherited) @executable_path/Frameworks @loader_path/Frameworks";
				PRODUCT_BUNDLE_IDENTIFIER = com.hutingting.NBAlertview.NBAlertViewTests;
				PRODUCT_NAME = "$(TARGET_NAME)";
				TEST_HOST = "$(BUILT_PRODUCTS_DIR)/NBAlertView.app/NBAlertView";
			};
			name = Release;
		};
		580594F11BFC656500A7A6B9 /* Debug */ = {
			isa = XCBuildConfiguration;
			buildSettings = {
				INFOPLIST_FILE = NBAlertViewUITests/Info.plist;
				LD_RUNPATH_SEARCH_PATHS = "$(inherited) @executable_path/Frameworks @loader_path/Frameworks";
				PRODUCT_BUNDLE_IDENTIFIER = com.hutingting.NBAlertview.NBAlertViewUITests;
				PRODUCT_NAME = "$(TARGET_NAME)";
				TEST_TARGET_NAME = NBAlertView;
				USES_XCTRUNNER = YES;
			};
			name = Debug;
		};
		580594F21BFC656500A7A6B9 /* Release */ = {
			isa = XCBuildConfiguration;
			buildSettings = {
				INFOPLIST_FILE = NBAlertViewUITests/Info.plist;
				LD_RUNPATH_SEARCH_PATHS = "$(inherited) @executable_path/Frameworks @loader_path/Frameworks";
				PRODUCT_BUNDLE_IDENTIFIER = com.hutingting.NBAlertview.NBAlertViewUITests;
				PRODUCT_NAME = "$(TARGET_NAME)";
				TEST_TARGET_NAME = NBAlertView;
				USES_XCTRUNNER = YES;
			};
			name = Release;
		};
/* End XCBuildConfiguration section */

/* Begin XCConfigurationList section */
		580594B81BFC656400A7A6B9 /* Build configuration list for PBXProject "NBAlertView" */ = {
			isa = XCConfigurationList;
			buildConfigurations = (
				580594E81BFC656500A7A6B9 /* Debug */,
				580594E91BFC656500A7A6B9 /* Release */,
			);
			defaultConfigurationIsVisible = 0;
			defaultConfigurationName = Release;
		};
		580594EA1BFC656500A7A6B9 /* Build configuration list for PBXNativeTarget "NBAlertView" */ = {
			isa = XCConfigurationList;
			buildConfigurations = (
				580594EB1BFC656500A7A6B9 /* Debug */,
				580594EC1BFC656500A7A6B9 /* Release */,
			);
			defaultConfigurationIsVisible = 0;
		};
		580594ED1BFC656500A7A6B9 /* Build configuration list for PBXNativeTarget "NBAlertViewTests" */ = {
			isa = XCConfigurationList;
			buildConfigurations = (
				580594EE1BFC656500A7A6B9 /* Debug */,
				580594EF1BFC656500A7A6B9 /* Release */,
			);
			defaultConfigurationIsVisible = 0;
		};
		580594F01BFC656500A7A6B9 /* Build configuration list for PBXNativeTarget "NBAlertViewUITests" */ = {
			isa = XCConfigurationList;
			buildConfigurations = (
				580594F11BFC656500A7A6B9 /* Debug */,
				580594F21BFC656500A7A6B9 /* Release */,
			);
			defaultConfigurationIsVisible = 0;
		};
/* End XCConfigurationList section */
	};
	rootObject = 580594B51BFC656400A7A6B9 /* Project object */;
}
